
Microsoft Visual Studio Solution File, Format Version 12.00
# Visual Studio Version 16
VisualStudioVersion = 16.0.30907.101
MinimumVisualStudioVersion = 10.0.40219.1
Project("{FAE04EC0-301F-11D3-BF4B-00C04F79EFBC}") = "MVC Day 6", "MVC Day 6.csproj", "{69365442-194B-46D7-A4D4-1A1C98433B5A}"
EndProject
Global
	GlobalSection(SolutionConfigurationPlatforms) = preSolution
		Debug|Any CPU = Debug|Any CPU
		Release|Any CPU = Release|Any CPU
	EndGlobalSection
	GlobalSection(ProjectConfigurationPlatforms) = postSolution
		{69365442-194B-46D7-A4D4-1A1C98433B5A}.Debug|Any CPU.ActiveCfg = Debug|Any CPU
		{69365442-194B-46D7-A4D4-1A1C98433B5A}.Debug|Any CPU.Build.0 = Debug|Any CPU
		{69365442-194B-46D7-A4D4-1A1C98433B5A}.Release|Any CPU.ActiveCfg = Release|Any CPU
		{69365442-194B-46D7-A4D4-1A1C98433B5A}.Release|Any CPU.Build.0 = Release|Any CPU
	EndGlobalSection
	GlobalSection(SolutionProperties) = preSolution
		HideSolutionNode = FALSE
	EndGlobalSection
	GlobalSection(ExtensibilityGlobals) = postSolution
		SolutionGuid = {96241024-7369-4470-8E30-9E495CF1BAE7}
	EndGlobalSection
EndGlobal
